// !$*UTF8*$!
{
	archiveVersion = 1;
	classes = {
	};
	objectVersion = 51;
	objects = {

/* Begin PBXBuildFile section */
		770AB9EF2301C163002B30B3 /* ChatMessage.swift in Sources */ = {isa = PBXBuildFile; fileRef = 770AB9EE2301C163002B30B3 /* ChatMessage.swift */; };
		770AB9F12301D5A1002B30B3 /* Date+Extension.swift in Sources */ = {isa = PBXBuildFile; fileRef = 770AB9F02301D5A1002B30B3 /* Date+Extension.swift */; };
		770AB9F52301DDCC002B30B3 /* DateHeaderView.xib in Resources */ = {isa = PBXBuildFile; fileRef = 770AB9F42301DDCC002B30B3 /* DateHeaderView.xib */; };
		770AB9F72301DF43002B30B3 /* DateHeaderView.swift in Sources */ = {isa = PBXBuildFile; fileRef = 770AB9F62301DF43002B30B3 /* DateHeaderView.swift */; };
		770ABA012301F59A002B30B3 /* TextMessageField.swift in Sources */ = {isa = PBXBuildFile; fileRef = 770ABA002301F59A002B30B3 /* TextMessageField.swift */; };
		770ABA052301F932002B30B3 /* TextMessageField.xib in Resources */ = {isa = PBXBuildFile; fileRef = 770ABA042301F932002B30B3 /* TextMessageField.xib */; };
		771C913B2323F8E4001DF2F7 /* Server.swift in Sources */ = {isa = PBXBuildFile; fileRef = 771C913A2323F8E4001DF2F7 /* Server.swift */; };
		771C91462323FB05001DF2F7 /* CCGameProvider.swift in Sources */ = {isa = PBXBuildFile; fileRef = 771C91452323FB05001DF2F7 /* CCGameProvider.swift */; };
		771C91482324030C001DF2F7 /* Client.swift in Sources */ = {isa = PBXBuildFile; fileRef = 771C91472324030C001DF2F7 /* Client.swift */; };
		771C917323248698001DF2F7 /* gameservice.pb.swift in Sources */ = {isa = PBXBuildFile; fileRef = 771C917123248698001DF2F7 /* gameservice.pb.swift */; };
		771C917423248698001DF2F7 /* gameservice.grpc.swift in Sources */ = {isa = PBXBuildFile; fileRef = 771C917223248698001DF2F7 /* gameservice.grpc.swift */; };
		7771AA58230865D400AFE105 /* InitialViewController.swift in Sources */ = {isa = PBXBuildFile; fileRef = 7771AA57230865D400AFE105 /* InitialViewController.swift */; };
		778412432308AEF600CD06BD /* Alert.swift in Sources */ = {isa = PBXBuildFile; fileRef = 778412422308AEF600CD06BD /* Alert.swift */; };
		77BDD46022FED06F00A5FFEB /* AppDelegate.swift in Sources */ = {isa = PBXBuildFile; fileRef = 77BDD45F22FED06F00A5FFEB /* AppDelegate.swift */; };
		77BDD46222FED06F00A5FFEB /* GameScene.sks in Resources */ = {isa = PBXBuildFile; fileRef = 77BDD46122FED06F00A5FFEB /* GameScene.sks */; };
		77BDD46622FED06F00A5FFEB /* GameScene.swift in Sources */ = {isa = PBXBuildFile; fileRef = 77BDD46522FED06F00A5FFEB /* GameScene.swift */; };
		77BDD46822FED06F00A5FFEB /* GameViewController.swift in Sources */ = {isa = PBXBuildFile; fileRef = 77BDD46722FED06F00A5FFEB /* GameViewController.swift */; };
		77BDD46B22FED06F00A5FFEB /* Main.storyboard in Resources */ = {isa = PBXBuildFile; fileRef = 77BDD46922FED06F00A5FFEB /* Main.storyboard */; };
		77BDD46D22FED07200A5FFEB /* Assets.xcassets in Resources */ = {isa = PBXBuildFile; fileRef = 77BDD46C22FED07200A5FFEB /* Assets.xcassets */; };
		77BDD47022FED07200A5FFEB /* LaunchScreen.storyboard in Resources */ = {isa = PBXBuildFile; fileRef = 77BDD46E22FED07200A5FFEB /* LaunchScreen.storyboard */; };
		77BDD47822FED0EE00A5FFEB /* HexGrid.sks in Resources */ = {isa = PBXBuildFile; fileRef = 77BDD47722FED0EE00A5FFEB /* HexGrid.sks */; };
		77BDD47F2301444900A5FFEB /* ChatMessageCell.swift in Sources */ = {isa = PBXBuildFile; fileRef = 77BDD47D2301444900A5FFEB /* ChatMessageCell.swift */; };
		77BDD4802301444900A5FFEB /* ChatMessageCell.xib in Resources */ = {isa = PBXBuildFile; fileRef = 77BDD47E2301444900A5FFEB /* ChatMessageCell.xib */; };
		D92601109FB3C1687DC08287 /* Pods_Chinese_Checkers.framework in Frameworks */ = {isa = PBXBuildFile; fileRef = 6842B3C10FDE14337C974F21 /* Pods_Chinese_Checkers.framework */; };
/* End PBXBuildFile section */

/* Begin PBXFileReference section */
		6842B3C10FDE14337C974F21 /* Pods_Chinese_Checkers.framework */ = {isa = PBXFileReference; explicitFileType = wrapper.framework; includeInIndex = 0; path = Pods_Chinese_Checkers.framework; sourceTree = BUILT_PRODUCTS_DIR; };
		770AB9EE2301C163002B30B3 /* ChatMessage.swift */ = {isa = PBXFileReference; lastKnownFileType = sourcecode.swift; path = ChatMessage.swift; sourceTree = "<group>"; };
		770AB9F02301D5A1002B30B3 /* Date+Extension.swift */ = {isa = PBXFileReference; lastKnownFileType = sourcecode.swift; path = "Date+Extension.swift"; sourceTree = "<group>"; };
		770AB9F42301DDCC002B30B3 /* DateHeaderView.xib */ = {isa = PBXFileReference; lastKnownFileType = file.xib; path = DateHeaderView.xib; sourceTree = "<group>"; };
		770AB9F62301DF43002B30B3 /* DateHeaderView.swift */ = {isa = PBXFileReference; lastKnownFileType = sourcecode.swift; path = DateHeaderView.swift; sourceTree = "<group>"; };
		770ABA002301F59A002B30B3 /* TextMessageField.swift */ = {isa = PBXFileReference; lastKnownFileType = sourcecode.swift; path = TextMessageField.swift; sourceTree = "<group>"; };
		770ABA042301F932002B30B3 /* TextMessageField.xib */ = {isa = PBXFileReference; lastKnownFileType = file.xib; path = TextMessageField.xib; sourceTree = "<group>"; };
		771C913A2323F8E4001DF2F7 /* Server.swift */ = {isa = PBXFileReference; lastKnownFileType = sourcecode.swift; path = Server.swift; sourceTree = "<group>"; };
		771C91452323FB05001DF2F7 /* CCGameProvider.swift */ = {isa = PBXFileReference; lastKnownFileType = sourcecode.swift; path = CCGameProvider.swift; sourceTree = "<group>"; };
		771C91472324030C001DF2F7 /* Client.swift */ = {isa = PBXFileReference; lastKnownFileType = sourcecode.swift; path = Client.swift; sourceTree = "<group>"; };
		771C917123248698001DF2F7 /* gameservice.pb.swift */ = {isa = PBXFileReference; fileEncoding = 4; lastKnownFileType = sourcecode.swift; path = gameservice.pb.swift; sourceTree = SOURCE_ROOT; };
		771C917223248698001DF2F7 /* gameservice.grpc.swift */ = {isa = PBXFileReference; fileEncoding = 4; lastKnownFileType = sourcecode.swift; path = gameservice.grpc.swift; sourceTree = SOURCE_ROOT; };
		7771AA57230865D400AFE105 /* InitialViewController.swift */ = {isa = PBXFileReference; lastKnownFileType = sourcecode.swift; path = InitialViewController.swift; sourceTree = "<group>"; };
		778412422308AEF600CD06BD /* Alert.swift */ = {isa = PBXFileReference; lastKnownFileType = sourcecode.swift; path = Alert.swift; sourceTree = "<group>"; };
		77BDD45C22FED06F00A5FFEB /* Chinese Checkers.app */ = {isa = PBXFileReference; explicitFileType = wrapper.application; includeInIndex = 0; path = "Chinese Checkers.app"; sourceTree = BUILT_PRODUCTS_DIR; };
		77BDD45F22FED06F00A5FFEB /* AppDelegate.swift */ = {isa = PBXFileReference; lastKnownFileType = sourcecode.swift; path = AppDelegate.swift; sourceTree = "<group>"; };
		77BDD46122FED06F00A5FFEB /* GameScene.sks */ = {isa = PBXFileReference; lastKnownFileType = file.sks; path = GameScene.sks; sourceTree = "<group>"; };
		77BDD46522FED06F00A5FFEB /* GameScene.swift */ = {isa = PBXFileReference; lastKnownFileType = sourcecode.swift; path = GameScene.swift; sourceTree = "<group>"; };
		77BDD46722FED06F00A5FFEB /* GameViewController.swift */ = {isa = PBXFileReference; lastKnownFileType = sourcecode.swift; path = GameViewController.swift; sourceTree = "<group>"; };
		77BDD46A22FED06F00A5FFEB /* Base */ = {isa = PBXFileReference; lastKnownFileType = file.storyboard; name = Base; path = Base.lproj/Main.storyboard; sourceTree = "<group>"; };
		77BDD46C22FED07200A5FFEB /* Assets.xcassets */ = {isa = PBXFileReference; lastKnownFileType = folder.assetcatalog; path = Assets.xcassets; sourceTree = "<group>"; };
		77BDD46F22FED07200A5FFEB /* Base */ = {isa = PBXFileReference; lastKnownFileType = file.storyboard; name = Base; path = Base.lproj/LaunchScreen.storyboard; sourceTree = "<group>"; };
		77BDD47122FED07200A5FFEB /* Info.plist */ = {isa = PBXFileReference; lastKnownFileType = text.plist.xml; path = Info.plist; sourceTree = "<group>"; };
		77BDD47722FED0EE00A5FFEB /* HexGrid.sks */ = {isa = PBXFileReference; lastKnownFileType = file.sks; path = HexGrid.sks; sourceTree = "<group>"; };
		77BDD47D2301444900A5FFEB /* ChatMessageCell.swift */ = {isa = PBXFileReference; lastKnownFileType = sourcecode.swift; path = ChatMessageCell.swift; sourceTree = "<group>"; };
		77BDD47E2301444900A5FFEB /* ChatMessageCell.xib */ = {isa = PBXFileReference; lastKnownFileType = file.xib; path = ChatMessageCell.xib; sourceTree = "<group>"; };
		9AD61F91D5D42FD1D5914A58 /* Pods-Chinese Checkers.debug.xcconfig */ = {isa = PBXFileReference; includeInIndex = 1; lastKnownFileType = text.xcconfig; name = "Pods-Chinese Checkers.debug.xcconfig"; path = "Target Support Files/Pods-Chinese Checkers/Pods-Chinese Checkers.debug.xcconfig"; sourceTree = "<group>"; };
		C97F8D168C2F1CA545A3C4C1 /* Pods-Chinese Checkers.release.xcconfig */ = {isa = PBXFileReference; includeInIndex = 1; lastKnownFileType = text.xcconfig; name = "Pods-Chinese Checkers.release.xcconfig"; path = "Target Support Files/Pods-Chinese Checkers/Pods-Chinese Checkers.release.xcconfig"; sourceTree = "<group>"; };
/* End PBXFileReference section */

/* Begin PBXFrameworksBuildPhase section */
		77BDD45922FED06F00A5FFEB /* Frameworks */ = {
			isa = PBXFrameworksBuildPhase;
			buildActionMask = 2147483647;
			files = (
				D92601109FB3C1687DC08287 /* Pods_Chinese_Checkers.framework in Frameworks */,
			);
			runOnlyForDeploymentPostprocessing = 0;
		};
/* End PBXFrameworksBuildPhase section */

/* Begin PBXGroup section */
		6656D7E71950029A82627C08 /* Frameworks */ = {
			isa = PBXGroup;
			children = (
				6842B3C10FDE14337C974F21 /* Pods_Chinese_Checkers.framework */,
			);
			name = Frameworks;
			sourceTree = "<group>";
		};
		771C91422323FA2E001DF2F7 /* Providers */ = {
			isa = PBXGroup;
			children = (
				771C91452323FB05001DF2F7 /* CCGameProvider.swift */,
			);
			path = Providers;
			sourceTree = "<group>";
		};
		7771AA512308647000AFE105 /* Scenes */ = {
			isa = PBXGroup;
			children = (
				77BDD46122FED06F00A5FFEB /* GameScene.sks */,
				77BDD46522FED06F00A5FFEB /* GameScene.swift */,
			);
			path = Scenes;
			sourceTree = "<group>";
		};
		7771AA522308647A00AFE105 /* View Controllers */ = {
			isa = PBXGroup;
			children = (
				7771AA57230865D400AFE105 /* InitialViewController.swift */,
				77BDD46722FED06F00A5FFEB /* GameViewController.swift */,
				778412422308AEF600CD06BD /* Alert.swift */,
			);
			path = "View Controllers";
			sourceTree = "<group>";
		};
		7771AA532308648900AFE105 /* Views */ = {
			isa = PBXGroup;
			children = (
				770AB9F42301DDCC002B30B3 /* DateHeaderView.xib */,
				770AB9F62301DF43002B30B3 /* DateHeaderView.swift */,
				77BDD47D2301444900A5FFEB /* ChatMessageCell.swift */,
				77BDD47E2301444900A5FFEB /* ChatMessageCell.xib */,
				770ABA042301F932002B30B3 /* TextMessageField.xib */,
				770ABA002301F59A002B30B3 /* TextMessageField.swift */,
			);
			path = Views;
			sourceTree = "<group>";
		};
		7771AA54230864B500AFE105 /* Extensions */ = {
			isa = PBXGroup;
			children = (
				770AB9F02301D5A1002B30B3 /* Date+Extension.swift */,
			);
			path = Extensions;
			sourceTree = "<group>";
		};
		7771AA55230864C500AFE105 /* Models */ = {
			isa = PBXGroup;
			children = (
				770AB9EE2301C163002B30B3 /* ChatMessage.swift */,
				771C913A2323F8E4001DF2F7 /* Server.swift */,
				771C91472324030C001DF2F7 /* Client.swift */,
			);
			path = Models;
			sourceTree = "<group>";
		};
		77BDD45322FED06F00A5FFEB = {
			isa = PBXGroup;
			children = (
				77BDD45E22FED06F00A5FFEB /* Chinese Checkers */,
				77BDD45D22FED06F00A5FFEB /* Products */,
				DF5EB09BD8C79109EE705C56 /* Pods */,
				6656D7E71950029A82627C08 /* Frameworks */,
			);
			sourceTree = "<group>";
		};
		77BDD45D22FED06F00A5FFEB /* Products */ = {
			isa = PBXGroup;
			children = (
				77BDD45C22FED06F00A5FFEB /* Chinese Checkers.app */,
			);
			name = Products;
			sourceTree = "<group>";
		};
		77BDD45E22FED06F00A5FFEB /* Chinese Checkers */ = {
			isa = PBXGroup;
			children = (
				771C917223248698001DF2F7 /* gameservice.grpc.swift */,
				771C917123248698001DF2F7 /* gameservice.pb.swift */,
				771C91422323FA2E001DF2F7 /* Providers */,
				7771AA55230864C500AFE105 /* Models */,
				7771AA54230864B500AFE105 /* Extensions */,
				7771AA532308648900AFE105 /* Views */,
				7771AA522308647A00AFE105 /* View Controllers */,
				7771AA512308647000AFE105 /* Scenes */,
				77BDD45F22FED06F00A5FFEB /* AppDelegate.swift */,
				77BDD47722FED0EE00A5FFEB /* HexGrid.sks */,
				77BDD46922FED06F00A5FFEB /* Main.storyboard */,
				77BDD46C22FED07200A5FFEB /* Assets.xcassets */,
				77BDD46E22FED07200A5FFEB /* LaunchScreen.storyboard */,
				77BDD47122FED07200A5FFEB /* Info.plist */,
			);
			path = "Chinese Checkers";
			sourceTree = "<group>";
		};
		DF5EB09BD8C79109EE705C56 /* Pods */ = {
			isa = PBXGroup;
			children = (
				9AD61F91D5D42FD1D5914A58 /* Pods-Chinese Checkers.debug.xcconfig */,
				C97F8D168C2F1CA545A3C4C1 /* Pods-Chinese Checkers.release.xcconfig */,
			);
			path = Pods;
			sourceTree = "<group>";
		};
/* End PBXGroup section */

/* Begin PBXNativeTarget section */
		77BDD45B22FED06F00A5FFEB /* Chinese Checkers */ = {
			isa = PBXNativeTarget;
			buildConfigurationList = 77BDD47422FED07200A5FFEB /* Build configuration list for PBXNativeTarget "Chinese Checkers" */;
			buildPhases = (
				2C127DBA5D01F114D2589C35 /* [CP] Check Pods Manifest.lock */,
				77BDD45822FED06F00A5FFEB /* Sources */,
				77BDD45922FED06F00A5FFEB /* Frameworks */,
				77BDD45A22FED06F00A5FFEB /* Resources */,
				1E5D4EAA033BB9E1DA6D228B /* [CP] Embed Pods Frameworks */,
			);
			buildRules = (
			);
			dependencies = (
			);
			name = "Chinese Checkers";
			productName = "Chinese Checkers";
			productReference = 77BDD45C22FED06F00A5FFEB /* Chinese Checkers.app */;
			productType = "com.apple.product-type.application";
		};
/* End PBXNativeTarget section */

/* Begin PBXProject section */
		77BDD45422FED06F00A5FFEB /* Project object */ = {
			isa = PBXProject;
			attributes = {
				LastSwiftUpdateCheck = 1030;
				LastUpgradeCheck = 1030;
				ORGANIZATIONNAME = "Thalys Viana";
				TargetAttributes = {
					77BDD45B22FED06F00A5FFEB = {
						CreatedOnToolsVersion = 10.3;
					};
				};
			};
			buildConfigurationList = 77BDD45722FED06F00A5FFEB /* Build configuration list for PBXProject "Chinese Checkers" */;
			compatibilityVersion = "Xcode 9.3";
			developmentRegion = en;
			hasScannedForEncodings = 0;
			knownRegions = (
				en,
				Base,
			);
			mainGroup = 77BDD45322FED06F00A5FFEB;
			productRefGroup = 77BDD45D22FED06F00A5FFEB /* Products */;
			projectDirPath = "";
			projectRoot = "";
			targets = (
				77BDD45B22FED06F00A5FFEB /* Chinese Checkers */,
			);
		};
/* End PBXProject section */

/* Begin PBXResourcesBuildPhase section */
		77BDD45A22FED06F00A5FFEB /* Resources */ = {
			isa = PBXResourcesBuildPhase;
			buildActionMask = 2147483647;
			files = (
				77BDD47822FED0EE00A5FFEB /* HexGrid.sks in Resources */,
				77BDD46B22FED06F00A5FFEB /* Main.storyboard in Resources */,
				77BDD46222FED06F00A5FFEB /* GameScene.sks in Resources */,
				770AB9F52301DDCC002B30B3 /* DateHeaderView.xib in Resources */,
				77BDD46D22FED07200A5FFEB /* Assets.xcassets in Resources */,
				77BDD47022FED07200A5FFEB /* LaunchScreen.storyboard in Resources */,
				770ABA052301F932002B30B3 /* TextMessageField.xib in Resources */,
				77BDD4802301444900A5FFEB /* ChatMessageCell.xib in Resources */,
			);
			runOnlyForDeploymentPostprocessing = 0;
		};
/* End PBXResourcesBuildPhase section */

/* Begin PBXShellScriptBuildPhase section */
		1E5D4EAA033BB9E1DA6D228B /* [CP] Embed Pods Frameworks */ = {
			isa = PBXShellScriptBuildPhase;
			buildActionMask = 2147483647;
			files = (
			);
			inputFileListPaths = (
				"${PODS_ROOT}/Target Support Files/Pods-Chinese Checkers/Pods-Chinese Checkers-frameworks-${CONFIGURATION}-input-files.xcfilelist",
			);
			name = "[CP] Embed Pods Frameworks";
			outputFileListPaths = (
				"${PODS_ROOT}/Target Support Files/Pods-Chinese Checkers/Pods-Chinese Checkers-frameworks-${CONFIGURATION}-output-files.xcfilelist",
			);
			runOnlyForDeploymentPostprocessing = 0;
			shellPath = /bin/sh;
			shellScript = "\"${PODS_ROOT}/Target Support Files/Pods-Chinese Checkers/Pods-Chinese Checkers-frameworks.sh\"\n";
			showEnvVarsInLog = 0;
		};
		2C127DBA5D01F114D2589C35 /* [CP] Check Pods Manifest.lock */ = {
			isa = PBXShellScriptBuildPhase;
			buildActionMask = 2147483647;
			files = (
			);
			inputFileListPaths = (
			);
			inputPaths = (
				"${PODS_PODFILE_DIR_PATH}/Podfile.lock",
				"${PODS_ROOT}/Manifest.lock",
			);
			name = "[CP] Check Pods Manifest.lock";
			outputFileListPaths = (
			);
			outputPaths = (
				"$(DERIVED_FILE_DIR)/Pods-Chinese Checkers-checkManifestLockResult.txt",
			);
			runOnlyForDeploymentPostprocessing = 0;
			shellPath = /bin/sh;
			shellScript = "diff \"${PODS_PODFILE_DIR_PATH}/Podfile.lock\" \"${PODS_ROOT}/Manifest.lock\" > /dev/null\nif [ $? != 0 ] ; then\n    # print error to STDERR\n    echo \"error: The sandbox is not in sync with the Podfile.lock. Run 'pod install' or update your CocoaPods installation.\" >&2\n    exit 1\nfi\n# This output is used by Xcode 'outputs' to avoid re-running this script phase.\necho \"SUCCESS\" > \"${SCRIPT_OUTPUT_FILE_0}\"\n";
			showEnvVarsInLog = 0;
		};
/* End PBXShellScriptBuildPhase section */

/* Begin PBXSourcesBuildPhase section */
		77BDD45822FED06F00A5FFEB /* Sources */ = {
			isa = PBXSourcesBuildPhase;
			buildActionMask = 2147483647;
			files = (
				771C917323248698001DF2F7 /* gameservice.pb.swift in Sources */,
				771C91462323FB05001DF2F7 /* CCGameProvider.swift in Sources */,
				77BDD46622FED06F00A5FFEB /* GameScene.swift in Sources */,
				77BDD47F2301444900A5FFEB /* ChatMessageCell.swift in Sources */,
				77BDD46822FED06F00A5FFEB /* GameViewController.swift in Sources */,
				770AB9EF2301C163002B30B3 /* ChatMessage.swift in Sources */,
				7771AA58230865D400AFE105 /* InitialViewController.swift in Sources */,
				77BDD46022FED06F00A5FFEB /* AppDelegate.swift in Sources */,
				771C91482324030C001DF2F7 /* Client.swift in Sources */,
				770AB9F12301D5A1002B30B3 /* Date+Extension.swift in Sources */,
				778412432308AEF600CD06BD /* Alert.swift in Sources */,
				770AB9F72301DF43002B30B3 /* DateHeaderView.swift in Sources */,
				771C913B2323F8E4001DF2F7 /* Server.swift in Sources */,
				771C917423248698001DF2F7 /* gameservice.grpc.swift in Sources */,
				770ABA012301F59A002B30B3 /* TextMessageField.swift in Sources */,
			);
			runOnlyForDeploymentPostprocessing = 0;
		};
/* End PBXSourcesBuildPhase section */

/* Begin PBXVariantGroup section */
		77BDD46922FED06F00A5FFEB /* Main.storyboard */ = {
			isa = PBXVariantGroup;
			children = (
				77BDD46A22FED06F00A5FFEB /* Base */,
			);
			name = Main.storyboard;
			sourceTree = "<group>";
		};
		77BDD46E22FED07200A5FFEB /* LaunchScreen.storyboard */ = {
			isa = PBXVariantGroup;
			children = (
				77BDD46F22FED07200A5FFEB /* Base */,
			);
			name = LaunchScreen.storyboard;
			sourceTree = "<group>";
		};
/* End PBXVariantGroup section */

/* Begin XCBuildConfiguration section */
		77BDD47222FED07200A5FFEB /* Debug */ = {
			isa = XCBuildConfiguration;
			buildSettings = {
				ALWAYS_SEARCH_USER_PATHS = NO;
				CLANG_ANALYZER_NONNULL = YES;
				CLANG_ANALYZER_NUMBER_OBJECT_CONVERSION = YES_AGGRESSIVE;
				CLANG_CXX_LANGUAGE_STANDARD = "gnu++14";
				CLANG_CXX_LIBRARY = "libc++";
				CLANG_ENABLE_MODULES = YES;
				CLANG_ENABLE_OBJC_ARC = YES;
				CLANG_ENABLE_OBJC_WEAK = YES;
				CLANG_WARN_BLOCK_CAPTURE_AUTORELEASING = YES;
				CLANG_WARN_BOOL_CONVERSION = YES;
				CLANG_WARN_COMMA = YES;
				CLANG_WARN_CONSTANT_CONVERSION = YES;
				CLANG_WARN_DEPRECATED_OBJC_IMPLEMENTATIONS = YES;
				CLANG_WARN_DIRECT_OBJC_ISA_USAGE = YES_ERROR;
				CLANG_WARN_DOCUMENTATION_COMMENTS = YES;
				CLANG_WARN_EMPTY_BODY = YES;
				CLANG_WARN_ENUM_CONVERSION = YES;
				CLANG_WARN_INFINITE_RECURSION = YES;
				CLANG_WARN_INT_CONVERSION = YES;
				CLANG_WARN_NON_LITERAL_NULL_CONVERSION = YES;
				CLANG_WARN_OBJC_IMPLICIT_RETAIN_SELF = YES;
				CLANG_WARN_OBJC_LITERAL_CONVERSION = YES;
				CLANG_WARN_OBJC_ROOT_CLASS = YES_ERROR;
				CLANG_WARN_RANGE_LOOP_ANALYSIS = YES;
				CLANG_WARN_STRICT_PROTOTYPES = YES;
				CLANG_WARN_SUSPICIOUS_MOVE = YES;
				CLANG_WARN_UNGUARDED_AVAILABILITY = YES_AGGRESSIVE;
				CLANG_WARN_UNREACHABLE_CODE = YES;
				CLANG_WARN__DUPLICATE_METHOD_MATCH = YES;
				CODE_SIGN_IDENTITY = "iPhone Developer";
				COPY_PHASE_STRIP = NO;
				DEBUG_INFORMATION_FORMAT = dwarf;
				ENABLE_STRICT_OBJC_MSGSEND = YES;
				ENABLE_TESTABILITY = YES;
				GCC_C_LANGUAGE_STANDARD = gnu11;
				GCC_DYNAMIC_NO_PIC = NO;
				GCC_NO_COMMON_BLOCKS = YES;
				GCC_OPTIMIZATION_LEVEL = 0;
				GCC_PREPROCESSOR_DEFINITIONS = (
					"DEBUG=1",
					"$(inherited)",
				);
				GCC_WARN_64_TO_32_BIT_CONVERSION = YES;
				GCC_WARN_ABOUT_RETURN_TYPE = YES_ERROR;
				GCC_WARN_UNDECLARED_SELECTOR = YES;
				GCC_WARN_UNINITIALIZED_AUTOS = YES_AGGRESSIVE;
				GCC_WARN_UNUSED_FUNCTION = YES;
				GCC_WARN_UNUSED_VARIABLE = YES;
				IPHONEOS_DEPLOYMENT_TARGET = 12.4;
				MTL_ENABLE_DEBUG_INFO = INCLUDE_SOURCE;
				MTL_FAST_MATH = YES;
				ONLY_ACTIVE_ARCH = YES;
				SDKROOT = iphoneos;
				SWIFT_ACTIVE_COMPILATION_CONDITIONS = DEBUG;
				SWIFT_OPTIMIZATION_LEVEL = "-Onone";
			};
			name = Debug;
		};
		77BDD47322FED07200A5FFEB /* Release */ = {
			isa = XCBuildConfiguration;
			buildSettings = {
				ALWAYS_SEARCH_USER_PATHS = NO;
				CLANG_ANALYZER_NONNULL = YES;
				CLANG_ANALYZER_NUMBER_OBJECT_CONVERSION = YES_AGGRESSIVE;
				CLANG_CXX_LANGUAGE_STANDARD = "gnu++14";
				CLANG_CXX_LIBRARY = "libc++";
				CLANG_ENABLE_MODULES = YES;
				CLANG_ENABLE_OBJC_ARC = YES;
				CLANG_ENABLE_OBJC_WEAK = YES;
				CLANG_WARN_BLOCK_CAPTURE_AUTORELEASING = YES;
				CLANG_WARN_BOOL_CONVERSION = YES;
				CLANG_WARN_COMMA = YES;
				CLANG_WARN_CONSTANT_CONVERSION = YES;
				CLANG_WARN_DEPRECATED_OBJC_IMPLEMENTATIONS = YES;
				CLANG_WARN_DIRECT_OBJC_ISA_USAGE = YES_ERROR;
				CLANG_WARN_DOCUMENTATION_COMMENTS = YES;
				CLANG_WARN_EMPTY_BODY = YES;
				CLANG_WARN_ENUM_CONVERSION = YES;
				CLANG_WARN_INFINITE_RECURSION = YES;
				CLANG_WARN_INT_CONVERSION = YES;
				CLANG_WARN_NON_LITERAL_NULL_CONVERSION = YES;
				CLANG_WARN_OBJC_IMPLICIT_RETAIN_SELF = YES;
				CLANG_WARN_OBJC_LITERAL_CONVERSION = YES;
				CLANG_WARN_OBJC_ROOT_CLASS = YES_ERROR;
				CLANG_WARN_RANGE_LOOP_ANALYSIS = YES;
				CLANG_WARN_STRICT_PROTOTYPES = YES;
				CLANG_WARN_SUSPICIOUS_MOVE = YES;
				CLANG_WARN_UNGUARDED_AVAILABILITY = YES_AGGRESSIVE;
				CLANG_WARN_UNREACHABLE_CODE = YES;
				CLANG_WARN__DUPLICATE_METHOD_MATCH = YES;
				CODE_SIGN_IDENTITY = "iPhone Developer";
				COPY_PHASE_STRIP = NO;
				DEBUG_INFORMATION_FORMAT = "dwarf-with-dsym";
				ENABLE_NS_ASSERTIONS = NO;
				ENABLE_STRICT_OBJC_MSGSEND = YES;
				GCC_C_LANGUAGE_STANDARD = gnu11;
				GCC_NO_COMMON_BLOCKS = YES;
				GCC_WARN_64_TO_32_BIT_CONVERSION = YES;
				GCC_WARN_ABOUT_RETURN_TYPE = YES_ERROR;
				GCC_WARN_UNDECLARED_SELECTOR = YES;
				GCC_WARN_UNINITIALIZED_AUTOS = YES_AGGRESSIVE;
				GCC_WARN_UNUSED_FUNCTION = YES;
				GCC_WARN_UNUSED_VARIABLE = YES;
				IPHONEOS_DEPLOYMENT_TARGET = 12.4;
				MTL_ENABLE_DEBUG_INFO = NO;
				MTL_FAST_MATH = YES;
				SDKROOT = iphoneos;
				SWIFT_COMPILATION_MODE = wholemodule;
				SWIFT_OPTIMIZATION_LEVEL = "-O";
				VALIDATE_PRODUCT = YES;
			};
			name = Release;
		};
		77BDD47522FED07200A5FFEB /* Debug */ = {
			isa = XCBuildConfiguration;
			baseConfigurationReference = 9AD61F91D5D42FD1D5914A58 /* Pods-Chinese Checkers.debug.xcconfig */;
			buildSettings = {
				ASSETCATALOG_COMPILER_APPICON_NAME = AppIcon;
				CODE_SIGN_STYLE = Automatic;
				DEVELOPMENT_TEAM = ZB4G8WR697;
				INFOPLIST_FILE = "Chinese Checkers/Info.plist";
				LD_RUNPATH_SEARCH_PATHS = (
					"$(inherited)",
					"@executable_path/Frameworks",
				);
				PRODUCT_BUNDLE_IDENTIFIER = "com.example.thalys.Chinese-Checkers";
				PRODUCT_NAME = "$(TARGET_NAME)";
				SWIFT_VERSION = 5.0;
				TARGETED_DEVICE_FAMILY = "1,2";
			};
			name = Debug;
		};
		77BDD47622FED07200A5FFEB /* Release */ = {
			isa = XCBuildConfiguration;
			baseConfigurationReference = C97F8D168C2F1CA545A3C4C1 /* Pods-Chinese Checkers.release.xcconfig */;
			buildSettings = {
				ASSETCATALOG_COMPILER_APPICON_NAME = AppIcon;
				CODE_SIGN_STYLE = Automatic;
				DEVELOPMENT_TEAM = ZB4G8WR697;
				INFOPLIST_FILE = "Chinese Checkers/Info.plist";
				LD_RUNPATH_SEARCH_PATHS = (
					"$(inherited)",
					"@executable_path/Frameworks",
				);
				PRODUCT_BUNDLE_IDENTIFIER = "com.example.thalys.Chinese-Checkers";
				PRODUCT_NAME = "$(TARGET_NAME)";
				SWIFT_VERSION = 5.0;
				TARGETED_DEVICE_FAMILY = "1,2";
			};
			name = Release;
		};
/* End XCBuildConfiguration section */

/* Begin XCConfigurationList section */
		77BDD45722FED06F00A5FFEB /* Build configuration list for PBXProject "Chinese Checkers" */ = {
			isa = XCConfigurationList;
			buildConfigurations = (
				77BDD47222FED07200A5FFEB /* Debug */,
				77BDD47322FED07200A5FFEB /* Release */,
			);
			defaultConfigurationIsVisible = 0;
			defaultConfigurationName = Release;
		};
		77BDD47422FED07200A5FFEB /* Build configuration list for PBXNativeTarget "Chinese Checkers" */ = {
			isa = XCConfigurationList;
			buildConfigurations = (
				77BDD47522FED07200A5FFEB /* Debug */,
				77BDD47622FED07200A5FFEB /* Release */,
			);
			defaultConfigurationIsVisible = 0;
			defaultConfigurationName = Release;
		};
/* End XCConfigurationList section */
	};
	rootObject = 77BDD45422FED06F00A5FFEB /* Project object */;
}
